PODS:
  - OCMock (3.3.1)
  - Remixer (0.6.1):
    - Remixer/Core (= 0.6.1)
  - Remixer/Core (0.6.1)

DEPENDENCIES:
  - OCMock
  - Remixer (from `../../`)

EXTERNAL SOURCES:
  Remixer:
    :path: "../../"

SPEC CHECKSUMS:
  OCMock: f3f61e6eaa16038c30caa5798c5e49d3307b6f22
  Remixer: 860983264d893db5144b236a66f00228af6f94dd

PODFILE CHECKSUM: 9dd893d252e51ee3ffe11297ad8d2b671a26d909

COCOAPODS: 1.2.0.beta.1
