PODS:
  - OCMock (3.3.1)
  - Remixer (0.9.3):
    - Remixer/Core (= 0.9.3)
  - Remixer/Core (0.9.3)

DEPENDENCIES:
  - OCMock
  - Remixer (from `../../`)

EXTERNAL SOURCES:
  Remixer:
    :path: "../../"

SPEC CHECKSUMS:
  OCMock: f3f61e6eaa16038c30caa5798c5e49d3307b6f22
  Remixer: 224fb7cef5267c6d58026a57da52888d3a8d8245

PODFILE CHECKSUM: 9dd893d252e51ee3ffe11297ad8d2b671a26d909

COCOAPODS: 1.2.0.beta.1
