// !$*UTF8*$!
{
	archiveVersion = 1;
	classes = {
	};
	objectVersion = 46;
	objects = {

/* Begin PBXBuildFile section */
		5D39B45B1D79D682008F0158 /* RemixerTests.m in Sources */ = {isa = PBXBuildFile; fileRef = 5D39B4591D79D682008F0158 /* RemixerTests.m */; };
		5D39B4921D79D8F9008F0158 /* RMXButton.h in Headers */ = {isa = PBXBuildFile; fileRef = 5D39B45F1D79D8F9008F0158 /* RMXButton.h */; };
		5D39B4931D79D8F9008F0158 /* RMXButton.m in Sources */ = {isa = PBXBuildFile; fileRef = 5D39B4601D79D8F9008F0158 /* RMXButton.m */; };
		5D39B4941D79D8F9008F0158 /* RMXColorPicker.h in Headers */ = {isa = PBXBuildFile; fileRef = 5D39B4611D79D8F9008F0158 /* RMXColorPicker.h */; };
		5D39B4951D79D8F9008F0158 /* RMXColorPicker.m in Sources */ = {isa = PBXBuildFile; fileRef = 5D39B4621D79D8F9008F0158 /* RMXColorPicker.m */; };
		5D39B4961D79D8F9008F0158 /* RMXModel.h in Headers */ = {isa = PBXBuildFile; fileRef = 5D39B4631D79D8F9008F0158 /* RMXModel.h */; };
		5D39B4971D79D8F9008F0158 /* RMXSegmented.h in Headers */ = {isa = PBXBuildFile; fileRef = 5D39B4641D79D8F9008F0158 /* RMXSegmented.h */; };
		5D39B4981D79D8F9008F0158 /* RMXSegmented.m in Sources */ = {isa = PBXBuildFile; fileRef = 5D39B4651D79D8F9008F0158 /* RMXSegmented.m */; };
		5D39B4991D79D8F9008F0158 /* RMXSlider.h in Headers */ = {isa = PBXBuildFile; fileRef = 5D39B4661D79D8F9008F0158 /* RMXSlider.h */; };
		5D39B49A1D79D8F9008F0158 /* RMXSlider.m in Sources */ = {isa = PBXBuildFile; fileRef = 5D39B4671D79D8F9008F0158 /* RMXSlider.m */; };
		5D39B49B1D79D8F9008F0158 /* RMXStepper.h in Headers */ = {isa = PBXBuildFile; fileRef = 5D39B4681D79D8F9008F0158 /* RMXStepper.h */; };
		5D39B49C1D79D8F9008F0158 /* RMXStepper.m in Sources */ = {isa = PBXBuildFile; fileRef = 5D39B4691D79D8F9008F0158 /* RMXStepper.m */; };
		5D39B49D1D79D8F9008F0158 /* RMXSwitch.h in Headers */ = {isa = PBXBuildFile; fileRef = 5D39B46A1D79D8F9008F0158 /* RMXSwitch.h */; };
		5D39B49E1D79D8F9008F0158 /* RMXSwitch.m in Sources */ = {isa = PBXBuildFile; fileRef = 5D39B46B1D79D8F9008F0158 /* RMXSwitch.m */; };
		5D39B49F1D79D8F9008F0158 /* RMXTextPicker.h in Headers */ = {isa = PBXBuildFile; fileRef = 5D39B46C1D79D8F9008F0158 /* RMXTextPicker.h */; };
		5D39B4A01D79D8F9008F0158 /* RMXTextPicker.m in Sources */ = {isa = PBXBuildFile; fileRef = 5D39B46D1D79D8F9008F0158 /* RMXTextPicker.m */; };
		5D39B4A21D79D8F9008F0158 /* RMXCell.h in Headers */ = {isa = PBXBuildFile; fileRef = 5D39B4711D79D8F9008F0158 /* RMXCell.h */; };
		5D39B4A31D79D8F9008F0158 /* RMXCell.m in Sources */ = {isa = PBXBuildFile; fileRef = 5D39B4721D79D8F9008F0158 /* RMXCell.m */; };
		5D39B4A41D79D8F9008F0158 /* RMXCellButton.h in Headers */ = {isa = PBXBuildFile; fileRef = 5D39B4731D79D8F9008F0158 /* RMXCellButton.h */; };
		5D39B4A51D79D8F9008F0158 /* RMXCellButton.m in Sources */ = {isa = PBXBuildFile; fileRef = 5D39B4741D79D8F9008F0158 /* RMXCellButton.m */; };
		5D39B4A61D79D8F9008F0158 /* RMXCellColorPicker.h in Headers */ = {isa = PBXBuildFile; fileRef = 5D39B4751D79D8F9008F0158 /* RMXCellColorPicker.h */; };
		5D39B4A71D79D8F9008F0158 /* RMXCellColorPicker.m in Sources */ = {isa = PBXBuildFile; fileRef = 5D39B4761D79D8F9008F0158 /* RMXCellColorPicker.m */; };
		5D39B4A81D79D8F9008F0158 /* RMXCellSegmented.h in Headers */ = {isa = PBXBuildFile; fileRef = 5D39B4771D79D8F9008F0158 /* RMXCellSegmented.h */; };
		5D39B4A91D79D8F9008F0158 /* RMXCellSegmented.m in Sources */ = {isa = PBXBuildFile; fileRef = 5D39B4781D79D8F9008F0158 /* RMXCellSegmented.m */; };
		5D39B4AA1D79D8F9008F0158 /* RMXCellSlider.h in Headers */ = {isa = PBXBuildFile; fileRef = 5D39B4791D79D8F9008F0158 /* RMXCellSlider.h */; };
		5D39B4AB1D79D8F9008F0158 /* RMXCellSlider.m in Sources */ = {isa = PBXBuildFile; fileRef = 5D39B47A1D79D8F9008F0158 /* RMXCellSlider.m */; };
		5D39B4AC1D79D8F9008F0158 /* RMXCellStepper.h in Headers */ = {isa = PBXBuildFile; fileRef = 5D39B47B1D79D8F9008F0158 /* RMXCellStepper.h */; };
		5D39B4AD1D79D8F9008F0158 /* RMXCellStepper.m in Sources */ = {isa = PBXBuildFile; fileRef = 5D39B47C1D79D8F9008F0158 /* RMXCellStepper.m */; };
		5D39B4AE1D79D8F9008F0158 /* RMXCellSwitch.h in Headers */ = {isa = PBXBuildFile; fileRef = 5D39B47D1D79D8F9008F0158 /* RMXCellSwitch.h */; };
		5D39B4AF1D79D8F9008F0158 /* RMXCellSwitch.m in Sources */ = {isa = PBXBuildFile; fileRef = 5D39B47E1D79D8F9008F0158 /* RMXCellSwitch.m */; };
		5D39B4B01D79D8F9008F0158 /* RMXCellTextPicker.h in Headers */ = {isa = PBXBuildFile; fileRef = 5D39B47F1D79D8F9008F0158 /* RMXCellTextPicker.h */; };
		5D39B4B11D79D8F9008F0158 /* RMXCellTextPicker.m in Sources */ = {isa = PBXBuildFile; fileRef = 5D39B4801D79D8F9008F0158 /* RMXCellTextPicker.m */; };
		5D39B4B21D79D8F9008F0158 /* RMXOverlayController.h in Headers */ = {isa = PBXBuildFile; fileRef = 5D39B4811D79D8F9008F0158 /* RMXOverlayController.h */; };
		5D39B4B31D79D8F9008F0158 /* RMXOverlayController.m in Sources */ = {isa = PBXBuildFile; fileRef = 5D39B4821D79D8F9008F0158 /* RMXOverlayController.m */; };
		5D39B4B41D79D8F9008F0158 /* RMXOverlayNavigationBar.h in Headers */ = {isa = PBXBuildFile; fileRef = 5D39B4831D79D8F9008F0158 /* RMXOverlayNavigationBar.h */; };
		5D39B4B51D79D8F9008F0158 /* RMXOverlayNavigationBar.m in Sources */ = {isa = PBXBuildFile; fileRef = 5D39B4841D79D8F9008F0158 /* RMXOverlayNavigationBar.m */; };
		5D39B4B61D79D8F9008F0158 /* RMXOverlayResources.h in Headers */ = {isa = PBXBuildFile; fileRef = 5D39B4851D79D8F9008F0158 /* RMXOverlayResources.h */; };
		5D39B4B71D79D8F9008F0158 /* RMXOverlayResources.m in Sources */ = {isa = PBXBuildFile; fileRef = 5D39B4861D79D8F9008F0158 /* RMXOverlayResources.m */; };
		5D39B4B81D79D8F9008F0158 /* Remixer.h in Headers */ = {isa = PBXBuildFile; fileRef = 5D39B4871D79D8F9008F0158 /* Remixer.h */; };
		5D39B4B91D79D8F9008F0158 /* Remixer.bundle in Resources */ = {isa = PBXBuildFile; fileRef = 5D39B4891D79D8F9008F0158 /* Remixer.bundle */; };
		5D39B4BA1D79D8F9008F0158 /* RMXApp.h in Headers */ = {isa = PBXBuildFile; fileRef = 5D39B48A1D79D8F9008F0158 /* RMXApp.h */; };
		5D39B4BB1D79D8F9008F0158 /* RMXApp.m in Sources */ = {isa = PBXBuildFile; fileRef = 5D39B48B1D79D8F9008F0158 /* RMXApp.m */; };
		5D39B4BC1D79D8F9008F0158 /* RMXRemix.h in Headers */ = {isa = PBXBuildFile; fileRef = 5D39B48C1D79D8F9008F0158 /* RMXRemix.h */; };
		5D39B4BD1D79D8F9008F0158 /* RMXRemix.m in Sources */ = {isa = PBXBuildFile; fileRef = 5D39B48D1D79D8F9008F0158 /* RMXRemix.m */; };
		5D39B4BE1D79D8F9008F0158 /* RMXRemixDelegate.h in Headers */ = {isa = PBXBuildFile; fileRef = 5D39B48E1D79D8F9008F0158 /* RMXRemixDelegate.h */; };
		5D39B4BF1D79D8F9008F0158 /* RMXFirebaseHost.h in Headers */ = {isa = PBXBuildFile; fileRef = 5D39B4901D79D8F9008F0158 /* RMXFirebaseHost.h */; };
		5D39B4C01D79D8F9008F0158 /* RMXFirebaseHost.m in Sources */ = {isa = PBXBuildFile; fileRef = 5D39B4911D79D8F9008F0158 /* RMXFirebaseHost.m */; };
		5DD5B2AE1CF36C2C003F6543 /* Remixer.framework in Frameworks */ = {isa = PBXBuildFile; fileRef = 5DD5B2A31CF36C2C003F6543 /* Remixer.framework */; };
		75C89C564D4157C60B1CE247 /* libPods-Remixer.a in Frameworks */ = {isa = PBXBuildFile; fileRef = F04E58C256B9C1E9B799F681 /* libPods-Remixer.a */; };
/* End PBXBuildFile section */

/* Begin PBXContainerItemProxy section */
		5DD5B2AF1CF36C2C003F6543 /* PBXContainerItemProxy */ = {
			isa = PBXContainerItemProxy;
			containerPortal = 5DD5B29A1CF36C2C003F6543 /* Project object */;
			proxyType = 1;
			remoteGlobalIDString = 5DD5B2A21CF36C2C003F6543;
			remoteInfo = Transmogrifier;
		};
/* End PBXContainerItemProxy section */

/* Begin PBXFileReference section */
		0366905CBBF920978449EAB4 /* Pods-Remixer.debug.xcconfig */ = {isa = PBXFileReference; includeInIndex = 1; lastKnownFileType = text.xcconfig; name = "Pods-Remixer.debug.xcconfig"; path = "Pods/Target Support Files/Pods-Remixer/Pods-Remixer.debug.xcconfig"; sourceTree = "<group>"; };
		3B0A2FC430845A04D794A86B /* Pods-Remixer.release.xcconfig */ = {isa = PBXFileReference; includeInIndex = 1; lastKnownFileType = text.xcconfig; name = "Pods-Remixer.release.xcconfig"; path = "Pods/Target Support Files/Pods-Remixer/Pods-Remixer.release.xcconfig"; sourceTree = "<group>"; };
		5D39B4581D79D682008F0158 /* Info.plist */ = {isa = PBXFileReference; fileEncoding = 4; lastKnownFileType = text.plist.xml; path = Info.plist; sourceTree = "<group>"; };
		5D39B4591D79D682008F0158 /* RemixerTests.m */ = {isa = PBXFileReference; fileEncoding = 4; lastKnownFileType = sourcecode.c.objc; path = RemixerTests.m; sourceTree = "<group>"; };
		5D39B45F1D79D8F9008F0158 /* RMXButton.h */ = {isa = PBXFileReference; fileEncoding = 4; lastKnownFileType = sourcecode.c.h; path = RMXButton.h; sourceTree = "<group>"; };
		5D39B4601D79D8F9008F0158 /* RMXButton.m */ = {isa = PBXFileReference; fileEncoding = 4; lastKnownFileType = sourcecode.c.objc; path = RMXButton.m; sourceTree = "<group>"; };
		5D39B4611D79D8F9008F0158 /* RMXColorPicker.h */ = {isa = PBXFileReference; fileEncoding = 4; lastKnownFileType = sourcecode.c.h; path = RMXColorPicker.h; sourceTree = "<group>"; };
		5D39B4621D79D8F9008F0158 /* RMXColorPicker.m */ = {isa = PBXFileReference; fileEncoding = 4; lastKnownFileType = sourcecode.c.objc; path = RMXColorPicker.m; sourceTree = "<group>"; };
		5D39B4631D79D8F9008F0158 /* RMXModel.h */ = {isa = PBXFileReference; fileEncoding = 4; lastKnownFileType = sourcecode.c.h; path = RMXModel.h; sourceTree = "<group>"; };
		5D39B4641D79D8F9008F0158 /* RMXSegmented.h */ = {isa = PBXFileReference; fileEncoding = 4; lastKnownFileType = sourcecode.c.h; path = RMXSegmented.h; sourceTree = "<group>"; };
		5D39B4651D79D8F9008F0158 /* RMXSegmented.m */ = {isa = PBXFileReference; fileEncoding = 4; lastKnownFileType = sourcecode.c.objc; path = RMXSegmented.m; sourceTree = "<group>"; };
		5D39B4661D79D8F9008F0158 /* RMXSlider.h */ = {isa = PBXFileReference; fileEncoding = 4; lastKnownFileType = sourcecode.c.h; path = RMXSlider.h; sourceTree = "<group>"; };
		5D39B4671D79D8F9008F0158 /* RMXSlider.m */ = {isa = PBXFileReference; fileEncoding = 4; lastKnownFileType = sourcecode.c.objc; path = RMXSlider.m; sourceTree = "<group>"; };
		5D39B4681D79D8F9008F0158 /* RMXStepper.h */ = {isa = PBXFileReference; fileEncoding = 4; lastKnownFileType = sourcecode.c.h; path = RMXStepper.h; sourceTree = "<group>"; };
		5D39B4691D79D8F9008F0158 /* RMXStepper.m */ = {isa = PBXFileReference; fileEncoding = 4; lastKnownFileType = sourcecode.c.objc; path = RMXStepper.m; sourceTree = "<group>"; };
		5D39B46A1D79D8F9008F0158 /* RMXSwitch.h */ = {isa = PBXFileReference; fileEncoding = 4; lastKnownFileType = sourcecode.c.h; path = RMXSwitch.h; sourceTree = "<group>"; };
		5D39B46B1D79D8F9008F0158 /* RMXSwitch.m */ = {isa = PBXFileReference; fileEncoding = 4; lastKnownFileType = sourcecode.c.objc; path = RMXSwitch.m; sourceTree = "<group>"; };
		5D39B46C1D79D8F9008F0158 /* RMXTextPicker.h */ = {isa = PBXFileReference; fileEncoding = 4; lastKnownFileType = sourcecode.c.h; path = RMXTextPicker.h; sourceTree = "<group>"; };
		5D39B46D1D79D8F9008F0158 /* RMXTextPicker.m */ = {isa = PBXFileReference; fileEncoding = 4; lastKnownFileType = sourcecode.c.objc; path = RMXTextPicker.m; sourceTree = "<group>"; };
		5D39B46E1D79D8F9008F0158 /* Info.plist */ = {isa = PBXFileReference; fileEncoding = 4; lastKnownFileType = text.plist.xml; path = Info.plist; sourceTree = "<group>"; };
		5D39B4711D79D8F9008F0158 /* RMXCell.h */ = {isa = PBXFileReference; fileEncoding = 4; lastKnownFileType = sourcecode.c.h; path = RMXCell.h; sourceTree = "<group>"; };
		5D39B4721D79D8F9008F0158 /* RMXCell.m */ = {isa = PBXFileReference; fileEncoding = 4; lastKnownFileType = sourcecode.c.objc; path = RMXCell.m; sourceTree = "<group>"; };
		5D39B4731D79D8F9008F0158 /* RMXCellButton.h */ = {isa = PBXFileReference; fileEncoding = 4; lastKnownFileType = sourcecode.c.h; path = RMXCellButton.h; sourceTree = "<group>"; };
		5D39B4741D79D8F9008F0158 /* RMXCellButton.m */ = {isa = PBXFileReference; fileEncoding = 4; lastKnownFileType = sourcecode.c.objc; path = RMXCellButton.m; sourceTree = "<group>"; };
		5D39B4751D79D8F9008F0158 /* RMXCellColorPicker.h */ = {isa = PBXFileReference; fileEncoding = 4; lastKnownFileType = sourcecode.c.h; path = RMXCellColorPicker.h; sourceTree = "<group>"; };
		5D39B4761D79D8F9008F0158 /* RMXCellColorPicker.m */ = {isa = PBXFileReference; fileEncoding = 4; lastKnownFileType = sourcecode.c.objc; path = RMXCellColorPicker.m; sourceTree = "<group>"; };
		5D39B4771D79D8F9008F0158 /* RMXCellSegmented.h */ = {isa = PBXFileReference; fileEncoding = 4; lastKnownFileType = sourcecode.c.h; path = RMXCellSegmented.h; sourceTree = "<group>"; };
		5D39B4781D79D8F9008F0158 /* RMXCellSegmented.m */ = {isa = PBXFileReference; fileEncoding = 4; lastKnownFileType = sourcecode.c.objc; path = RMXCellSegmented.m; sourceTree = "<group>"; };
		5D39B4791D79D8F9008F0158 /* RMXCellSlider.h */ = {isa = PBXFileReference; fileEncoding = 4; lastKnownFileType = sourcecode.c.h; path = RMXCellSlider.h; sourceTree = "<group>"; };
		5D39B47A1D79D8F9008F0158 /* RMXCellSlider.m */ = {isa = PBXFileReference; fileEncoding = 4; lastKnownFileType = sourcecode.c.objc; path = RMXCellSlider.m; sourceTree = "<group>"; };
		5D39B47B1D79D8F9008F0158 /* RMXCellStepper.h */ = {isa = PBXFileReference; fileEncoding = 4; lastKnownFileType = sourcecode.c.h; path = RMXCellStepper.h; sourceTree = "<group>"; };
		5D39B47C1D79D8F9008F0158 /* RMXCellStepper.m */ = {isa = PBXFileReference; fileEncoding = 4; lastKnownFileType = sourcecode.c.objc; path = RMXCellStepper.m; sourceTree = "<group>"; };
		5D39B47D1D79D8F9008F0158 /* RMXCellSwitch.h */ = {isa = PBXFileReference; fileEncoding = 4; lastKnownFileType = sourcecode.c.h; path = RMXCellSwitch.h; sourceTree = "<group>"; };
		5D39B47E1D79D8F9008F0158 /* RMXCellSwitch.m */ = {isa = PBXFileReference; fileEncoding = 4; lastKnownFileType = sourcecode.c.objc; path = RMXCellSwitch.m; sourceTree = "<group>"; };
		5D39B47F1D79D8F9008F0158 /* RMXCellTextPicker.h */ = {isa = PBXFileReference; fileEncoding = 4; lastKnownFileType = sourcecode.c.h; path = RMXCellTextPicker.h; sourceTree = "<group>"; };
		5D39B4801D79D8F9008F0158 /* RMXCellTextPicker.m */ = {isa = PBXFileReference; fileEncoding = 4; lastKnownFileType = sourcecode.c.objc; path = RMXCellTextPicker.m; sourceTree = "<group>"; };
		5D39B4811D79D8F9008F0158 /* RMXOverlayController.h */ = {isa = PBXFileReference; fileEncoding = 4; lastKnownFileType = sourcecode.c.h; path = RMXOverlayController.h; sourceTree = "<group>"; };
		5D39B4821D79D8F9008F0158 /* RMXOverlayController.m */ = {isa = PBXFileReference; fileEncoding = 4; lastKnownFileType = sourcecode.c.objc; path = RMXOverlayController.m; sourceTree = "<group>"; };
		5D39B4831D79D8F9008F0158 /* RMXOverlayNavigationBar.h */ = {isa = PBXFileReference; fileEncoding = 4; lastKnownFileType = sourcecode.c.h; path = RMXOverlayNavigationBar.h; sourceTree = "<group>"; };
		5D39B4841D79D8F9008F0158 /* RMXOverlayNavigationBar.m */ = {isa = PBXFileReference; fileEncoding = 4; lastKnownFileType = sourcecode.c.objc; path = RMXOverlayNavigationBar.m; sourceTree = "<group>"; };
		5D39B4851D79D8F9008F0158 /* RMXOverlayResources.h */ = {isa = PBXFileReference; fileEncoding = 4; lastKnownFileType = sourcecode.c.h; path = RMXOverlayResources.h; sourceTree = "<group>"; };
		5D39B4861D79D8F9008F0158 /* RMXOverlayResources.m */ = {isa = PBXFileReference; fileEncoding = 4; lastKnownFileType = sourcecode.c.objc; path = RMXOverlayResources.m; sourceTree = "<group>"; };
		5D39B4871D79D8F9008F0158 /* Remixer.h */ = {isa = PBXFileReference; fileEncoding = 4; lastKnownFileType = sourcecode.c.h; path = Remixer.h; sourceTree = "<group>"; };
		5D39B4891D79D8F9008F0158 /* Remixer.bundle */ = {isa = PBXFileReference; lastKnownFileType = "wrapper.plug-in"; path = Remixer.bundle; sourceTree = "<group>"; };
		5D39B48A1D79D8F9008F0158 /* RMXApp.h */ = {isa = PBXFileReference; fileEncoding = 4; lastKnownFileType = sourcecode.c.h; path = RMXApp.h; sourceTree = "<group>"; };
		5D39B48B1D79D8F9008F0158 /* RMXApp.m */ = {isa = PBXFileReference; fileEncoding = 4; lastKnownFileType = sourcecode.c.objc; path = RMXApp.m; sourceTree = "<group>"; };
		5D39B48C1D79D8F9008F0158 /* RMXRemix.h */ = {isa = PBXFileReference; fileEncoding = 4; lastKnownFileType = sourcecode.c.h; path = RMXRemix.h; sourceTree = "<group>"; };
		5D39B48D1D79D8F9008F0158 /* RMXRemix.m */ = {isa = PBXFileReference; fileEncoding = 4; lastKnownFileType = sourcecode.c.objc; path = RMXRemix.m; sourceTree = "<group>"; };
		5D39B48E1D79D8F9008F0158 /* RMXRemixDelegate.h */ = {isa = PBXFileReference; fileEncoding = 4; lastKnownFileType = sourcecode.c.h; path = RMXRemixDelegate.h; sourceTree = "<group>"; };
		5D39B4901D79D8F9008F0158 /* RMXFirebaseHost.h */ = {isa = PBXFileReference; fileEncoding = 4; lastKnownFileType = sourcecode.c.h; path = RMXFirebaseHost.h; sourceTree = "<group>"; };
		5D39B4911D79D8F9008F0158 /* RMXFirebaseHost.m */ = {isa = PBXFileReference; fileEncoding = 4; lastKnownFileType = sourcecode.c.objc; path = RMXFirebaseHost.m; sourceTree = "<group>"; };
		5DD5B2A31CF36C2C003F6543 /* Remixer.framework */ = {isa = PBXFileReference; explicitFileType = wrapper.framework; includeInIndex = 0; path = Remixer.framework; sourceTree = BUILT_PRODUCTS_DIR; };
		5DD5B2AD1CF36C2C003F6543 /* Remixer.xctest */ = {isa = PBXFileReference; explicitFileType = wrapper.cfbundle; includeInIndex = 0; path = Remixer.xctest; sourceTree = BUILT_PRODUCTS_DIR; };
		F04E58C256B9C1E9B799F681 /* libPods-Remixer.a */ = {isa = PBXFileReference; explicitFileType = archive.ar; includeInIndex = 0; path = "libPods-Remixer.a"; sourceTree = BUILT_PRODUCTS_DIR; };
/* End PBXFileReference section */

/* Begin PBXFrameworksBuildPhase section */
		5DD5B29F1CF36C2C003F6543 /* Frameworks */ = {
			isa = PBXFrameworksBuildPhase;
			buildActionMask = 2147483647;
			files = (
				75C89C564D4157C60B1CE247 /* libPods-Remixer.a in Frameworks */,
			);
			runOnlyForDeploymentPostprocessing = 0;
		};
		5DD5B2AA1CF36C2C003F6543 /* Frameworks */ = {
			isa = PBXFrameworksBuildPhase;
			buildActionMask = 2147483647;
			files = (
				5DD5B2AE1CF36C2C003F6543 /* Remixer.framework in Frameworks */,
			);
			runOnlyForDeploymentPostprocessing = 0;
		};
/* End PBXFrameworksBuildPhase section */

/* Begin PBXGroup section */
		5D39B4571D79D682008F0158 /* tests */ = {
			isa = PBXGroup;
			children = (
				5D39B4581D79D682008F0158 /* Info.plist */,
				5D39B4591D79D682008F0158 /* RemixerTests.m */,
			);
			path = tests;
			sourceTree = "<group>";
		};
		5D39B45C1D79D8F9008F0158 /* src */ = {
			isa = PBXGroup;
			children = (
				5D39B45D1D79D8F9008F0158 /* core */,
				5D39B48F1D79D8F9008F0158 /* firebase */,
			);
			path = src;
			sourceTree = "<group>";
		};
		5D39B45D1D79D8F9008F0158 /* core */ = {
			isa = PBXGroup;
			children = (
				5D39B45E1D79D8F9008F0158 /* controls */,
				5D39B46E1D79D8F9008F0158 /* Info.plist */,
				5D39B46F1D79D8F9008F0158 /* private */,
				5D39B4871D79D8F9008F0158 /* Remixer.h */,
				5D39B4881D79D8F9008F0158 /* resources */,
				5D39B48A1D79D8F9008F0158 /* RMXApp.h */,
				5D39B48B1D79D8F9008F0158 /* RMXApp.m */,
				5D39B48C1D79D8F9008F0158 /* RMXRemix.h */,
				5D39B48D1D79D8F9008F0158 /* RMXRemix.m */,
				5D39B48E1D79D8F9008F0158 /* RMXRemixDelegate.h */,
			);
			path = core;
			sourceTree = "<group>";
		};
		5D39B45E1D79D8F9008F0158 /* controls */ = {
			isa = PBXGroup;
			children = (
				5D39B45F1D79D8F9008F0158 /* RMXButton.h */,
				5D39B4601D79D8F9008F0158 /* RMXButton.m */,
				5D39B4611D79D8F9008F0158 /* RMXColorPicker.h */,
				5D39B4621D79D8F9008F0158 /* RMXColorPicker.m */,
				5D39B4631D79D8F9008F0158 /* RMXModel.h */,
				5D39B4641D79D8F9008F0158 /* RMXSegmented.h */,
				5D39B4651D79D8F9008F0158 /* RMXSegmented.m */,
				5D39B4661D79D8F9008F0158 /* RMXSlider.h */,
				5D39B4671D79D8F9008F0158 /* RMXSlider.m */,
				5D39B4681D79D8F9008F0158 /* RMXStepper.h */,
				5D39B4691D79D8F9008F0158 /* RMXStepper.m */,
				5D39B46A1D79D8F9008F0158 /* RMXSwitch.h */,
				5D39B46B1D79D8F9008F0158 /* RMXSwitch.m */,
				5D39B46C1D79D8F9008F0158 /* RMXTextPicker.h */,
				5D39B46D1D79D8F9008F0158 /* RMXTextPicker.m */,
			);
			path = controls;
			sourceTree = "<group>";
		};
		5D39B46F1D79D8F9008F0158 /* private */ = {
			isa = PBXGroup;
			children = (
				5D39B4701D79D8F9008F0158 /* cells */,
				5D39B4811D79D8F9008F0158 /* RMXOverlayController.h */,
				5D39B4821D79D8F9008F0158 /* RMXOverlayController.m */,
				5D39B4831D79D8F9008F0158 /* RMXOverlayNavigationBar.h */,
				5D39B4841D79D8F9008F0158 /* RMXOverlayNavigationBar.m */,
				5D39B4851D79D8F9008F0158 /* RMXOverlayResources.h */,
				5D39B4861D79D8F9008F0158 /* RMXOverlayResources.m */,
			);
			path = private;
			sourceTree = "<group>";
		};
		5D39B4701D79D8F9008F0158 /* cells */ = {
			isa = PBXGroup;
			children = (
				5D39B4711D79D8F9008F0158 /* RMXCell.h */,
				5D39B4721D79D8F9008F0158 /* RMXCell.m */,
				5D39B4731D79D8F9008F0158 /* RMXCellButton.h */,
				5D39B4741D79D8F9008F0158 /* RMXCellButton.m */,
				5D39B4751D79D8F9008F0158 /* RMXCellColorPicker.h */,
				5D39B4761D79D8F9008F0158 /* RMXCellColorPicker.m */,
				5D39B4771D79D8F9008F0158 /* RMXCellSegmented.h */,
				5D39B4781D79D8F9008F0158 /* RMXCellSegmented.m */,
				5D39B4791D79D8F9008F0158 /* RMXCellSlider.h */,
				5D39B47A1D79D8F9008F0158 /* RMXCellSlider.m */,
				5D39B47B1D79D8F9008F0158 /* RMXCellStepper.h */,
				5D39B47C1D79D8F9008F0158 /* RMXCellStepper.m */,
				5D39B47D1D79D8F9008F0158 /* RMXCellSwitch.h */,
				5D39B47E1D79D8F9008F0158 /* RMXCellSwitch.m */,
				5D39B47F1D79D8F9008F0158 /* RMXCellTextPicker.h */,
				5D39B4801D79D8F9008F0158 /* RMXCellTextPicker.m */,
			);
			path = cells;
			sourceTree = "<group>";
		};
		5D39B4881D79D8F9008F0158 /* resources */ = {
			isa = PBXGroup;
			children = (
				5D39B4891D79D8F9008F0158 /* Remixer.bundle */,
			);
			path = resources;
			sourceTree = "<group>";
		};
		5D39B48F1D79D8F9008F0158 /* firebase */ = {
			isa = PBXGroup;
			children = (
				5D39B4901D79D8F9008F0158 /* RMXFirebaseHost.h */,
				5D39B4911D79D8F9008F0158 /* RMXFirebaseHost.m */,
			);
			path = firebase;
			sourceTree = "<group>";
		};
		5DD5B2991CF36C2C003F6543 = {
			isa = PBXGroup;
			children = (
				5D39B45C1D79D8F9008F0158 /* src */,
				5D39B4571D79D682008F0158 /* tests */,
				5DD5B2A41CF36C2C003F6543 /* Products */,
				C9319B5305B13DB07E275A50 /* Pods */,
				A343EF24DD4393D8C07627F6 /* Frameworks */,
			);
			sourceTree = "<group>";
		};
		5DD5B2A41CF36C2C003F6543 /* Products */ = {
			isa = PBXGroup;
			children = (
				5DD5B2A31CF36C2C003F6543 /* Remixer.framework */,
				5DD5B2AD1CF36C2C003F6543 /* Remixer.xctest */,
			);
			name = Products;
			sourceTree = "<group>";
		};
		A343EF24DD4393D8C07627F6 /* Frameworks */ = {
			isa = PBXGroup;
			children = (
				F04E58C256B9C1E9B799F681 /* libPods-Remixer.a */,
			);
			name = Frameworks;
			sourceTree = "<group>";
		};
		C9319B5305B13DB07E275A50 /* Pods */ = {
			isa = PBXGroup;
			children = (
				0366905CBBF920978449EAB4 /* Pods-Remixer.debug.xcconfig */,
				3B0A2FC430845A04D794A86B /* Pods-Remixer.release.xcconfig */,
			);
			name = Pods;
			sourceTree = "<group>";
		};
/* End PBXGroup section */

/* Begin PBXHeadersBuildPhase section */
		5DD5B2A01CF36C2C003F6543 /* Headers */ = {
			isa = PBXHeadersBuildPhase;
			buildActionMask = 2147483647;
			files = (
				5D39B49B1D79D8F9008F0158 /* RMXStepper.h in Headers */,
				5D39B4B41D79D8F9008F0158 /* RMXOverlayNavigationBar.h in Headers */,
				5D39B4991D79D8F9008F0158 /* RMXSlider.h in Headers */,
				5D39B4B81D79D8F9008F0158 /* Remixer.h in Headers */,
				5D39B49D1D79D8F9008F0158 /* RMXSwitch.h in Headers */,
				5D39B4BF1D79D8F9008F0158 /* RMXFirebaseHost.h in Headers */,
				5D39B4B01D79D8F9008F0158 /* RMXCellTextPicker.h in Headers */,
				5D39B4A81D79D8F9008F0158 /* RMXCellSegmented.h in Headers */,
				5D39B4941D79D8F9008F0158 /* RMXColorPicker.h in Headers */,
				5D39B4921D79D8F9008F0158 /* RMXButton.h in Headers */,
				5D39B4961D79D8F9008F0158 /* RMXModel.h in Headers */,
				5D39B4AA1D79D8F9008F0158 /* RMXCellSlider.h in Headers */,
				5D39B4AC1D79D8F9008F0158 /* RMXCellStepper.h in Headers */,
				5D39B4BE1D79D8F9008F0158 /* RMXRemixDelegate.h in Headers */,
				5D39B4971D79D8F9008F0158 /* RMXSegmented.h in Headers */,
				5D39B4BA1D79D8F9008F0158 /* RMXApp.h in Headers */,
				5D39B49F1D79D8F9008F0158 /* RMXTextPicker.h in Headers */,
				5D39B4B21D79D8F9008F0158 /* RMXOverlayController.h in Headers */,
				5D39B4A41D79D8F9008F0158 /* RMXCellButton.h in Headers */,
				5D39B4B61D79D8F9008F0158 /* RMXOverlayResources.h in Headers */,
				5D39B4AE1D79D8F9008F0158 /* RMXCellSwitch.h in Headers */,
				5D39B4A21D79D8F9008F0158 /* RMXCell.h in Headers */,
				5D39B4BC1D79D8F9008F0158 /* RMXRemix.h in Headers */,
				5D39B4A61D79D8F9008F0158 /* RMXCellColorPicker.h in Headers */,
			);
			runOnlyForDeploymentPostprocessing = 0;
		};
/* End PBXHeadersBuildPhase section */

/* Begin PBXNativeTarget section */
		5DD5B2A21CF36C2C003F6543 /* Remixer */ = {
			isa = PBXNativeTarget;
			buildConfigurationList = 5DD5B2B71CF36C2C003F6543 /* Build configuration list for PBXNativeTarget "Remixer" */;
			buildPhases = (
				740AAD8E26984A50FBF9365A /* [CP] Check Pods Manifest.lock */,
				5DD5B29E1CF36C2C003F6543 /* Sources */,
				5DD5B29F1CF36C2C003F6543 /* Frameworks */,
				5DD5B2A01CF36C2C003F6543 /* Headers */,
				5DD5B2A11CF36C2C003F6543 /* Resources */,
				09B2C456E2EA022522D96369 /* [CP] Copy Pods Resources */,
			);
			buildRules = (
			);
			dependencies = (
			);
			name = Remixer;
			productName = Transmogrifier;
			productReference = 5DD5B2A31CF36C2C003F6543 /* Remixer.framework */;
			productType = "com.apple.product-type.framework";
		};
		5DD5B2AC1CF36C2C003F6543 /* RemixerTests */ = {
			isa = PBXNativeTarget;
			buildConfigurationList = 5DD5B2BA1CF36C2C003F6543 /* Build configuration list for PBXNativeTarget "RemixerTests" */;
			buildPhases = (
				143052ECAB24CC46B9A8D9FC /* [CP] Check Pods Manifest.lock */,
				5DD5B2A91CF36C2C003F6543 /* Sources */,
				5DD5B2AA1CF36C2C003F6543 /* Frameworks */,
				5DD5B2AB1CF36C2C003F6543 /* Resources */,
				AD21CC659344CB9B7E6163D7 /* [CP] Embed Pods Frameworks */,
				0D67175A050B5B578A2926A2 /* [CP] Copy Pods Resources */,
			);
			buildRules = (
			);
			dependencies = (
				5DD5B2B01CF36C2C003F6543 /* PBXTargetDependency */,
			);
			name = RemixerTests;
			productName = TransmogrifierTests;
			productReference = 5DD5B2AD1CF36C2C003F6543 /* Remixer.xctest */;
			productType = "com.apple.product-type.bundle.unit-test";
		};
/* End PBXNativeTarget section */

/* Begin PBXProject section */
		5DD5B29A1CF36C2C003F6543 /* Project object */ = {
			isa = PBXProject;
			attributes = {
				LastUpgradeCheck = 0730;
				ORGANIZATIONNAME = "Google Inc";
				TargetAttributes = {
					5DD5B2A21CF36C2C003F6543 = {
						CreatedOnToolsVersion = 7.3.1;
					};
					5DD5B2AC1CF36C2C003F6543 = {
						CreatedOnToolsVersion = 7.3.1;
					};
				};
			};
			buildConfigurationList = 5DD5B29D1CF36C2C003F6543 /* Build configuration list for PBXProject "Remixer" */;
			compatibilityVersion = "Xcode 3.2";
			developmentRegion = English;
			hasScannedForEncodings = 0;
			knownRegions = (
				en,
			);
			mainGroup = 5DD5B2991CF36C2C003F6543;
			productRefGroup = 5DD5B2A41CF36C2C003F6543 /* Products */;
			projectDirPath = "";
			projectRoot = "";
			targets = (
				5DD5B2A21CF36C2C003F6543 /* Remixer */,
				5DD5B2AC1CF36C2C003F6543 /* RemixerTests */,
			);
		};
/* End PBXProject section */

/* Begin PBXResourcesBuildPhase section */
		5DD5B2A11CF36C2C003F6543 /* Resources */ = {
			isa = PBXResourcesBuildPhase;
			buildActionMask = 2147483647;
			files = (
				5D39B4B91D79D8F9008F0158 /* Remixer.bundle in Resources */,
			);
			runOnlyForDeploymentPostprocessing = 0;
		};
		5DD5B2AB1CF36C2C003F6543 /* Resources */ = {
			isa = PBXResourcesBuildPhase;
			buildActionMask = 2147483647;
			files = (
			);
			runOnlyForDeploymentPostprocessing = 0;
		};
/* End PBXResourcesBuildPhase section */

/* Begin PBXShellScriptBuildPhase section */
		09B2C456E2EA022522D96369 /* [CP] Copy Pods Resources */ = {
			isa = PBXShellScriptBuildPhase;
			buildActionMask = 2147483647;
			files = (
			);
			inputPaths = (
			);
			name = "[CP] Copy Pods Resources";
			outputPaths = (
			);
			runOnlyForDeploymentPostprocessing = 0;
			shellPath = /bin/sh;
			shellScript = "\"${SRCROOT}/Pods/Target Support Files/Pods-Remixer/Pods-Remixer-resources.sh\"\n";
			showEnvVarsInLog = 0;
		};
		0D67175A050B5B578A2926A2 /* [CP] Copy Pods Resources */ = {
			isa = PBXShellScriptBuildPhase;
			buildActionMask = 2147483647;
			files = (
			);
			inputPaths = (
			);
			name = "[CP] Copy Pods Resources";
			outputPaths = (
			);
			runOnlyForDeploymentPostprocessing = 0;
			shellPath = /bin/sh;
			shellScript = "\"${SRCROOT}/Pods/Target Support Files/Pods-RemixerTests/Pods-RemixerTests-resources.sh\"\n";
			showEnvVarsInLog = 0;
		};
		143052ECAB24CC46B9A8D9FC /* [CP] Check Pods Manifest.lock */ = {
			isa = PBXShellScriptBuildPhase;
			buildActionMask = 2147483647;
			files = (
			);
			inputPaths = (
			);
			name = "[CP] Check Pods Manifest.lock";
			outputPaths = (
			);
			runOnlyForDeploymentPostprocessing = 0;
			shellPath = /bin/sh;
			shellScript = "diff \"${PODS_ROOT}/../Podfile.lock\" \"${PODS_ROOT}/Manifest.lock\" > /dev/null\nif [[ $? != 0 ]] ; then\n    cat << EOM\nerror: The sandbox is not in sync with the Podfile.lock. Run 'pod install' or update your CocoaPods installation.\nEOM\n    exit 1\nfi\n";
			showEnvVarsInLog = 0;
		};
		740AAD8E26984A50FBF9365A /* [CP] Check Pods Manifest.lock */ = {
			isa = PBXShellScriptBuildPhase;
			buildActionMask = 2147483647;
			files = (
			);
			inputPaths = (
			);
			name = "[CP] Check Pods Manifest.lock";
			outputPaths = (
			);
			runOnlyForDeploymentPostprocessing = 0;
			shellPath = /bin/sh;
			shellScript = "diff \"${PODS_ROOT}/../Podfile.lock\" \"${PODS_ROOT}/Manifest.lock\" > /dev/null\nif [[ $? != 0 ]] ; then\n    cat << EOM\nerror: The sandbox is not in sync with the Podfile.lock. Run 'pod install' or update your CocoaPods installation.\nEOM\n    exit 1\nfi\n";
			showEnvVarsInLog = 0;
		};
		AD21CC659344CB9B7E6163D7 /* [CP] Embed Pods Frameworks */ = {
			isa = PBXShellScriptBuildPhase;
			buildActionMask = 2147483647;
			files = (
			);
			inputPaths = (
			);
			name = "[CP] Embed Pods Frameworks";
			outputPaths = (
			);
			runOnlyForDeploymentPostprocessing = 0;
			shellPath = /bin/sh;
			shellScript = "\"${SRCROOT}/Pods/Target Support Files/Pods-RemixerTests/Pods-RemixerTests-frameworks.sh\"\n";
			showEnvVarsInLog = 0;
		};
/* End PBXShellScriptBuildPhase section */

/* Begin PBXSourcesBuildPhase section */
		5DD5B29E1CF36C2C003F6543 /* Sources */ = {
			isa = PBXSourcesBuildPhase;
			buildActionMask = 2147483647;
			files = (
				5D39B4A91D79D8F9008F0158 /* RMXCellSegmented.m in Sources */,
				5D39B49A1D79D8F9008F0158 /* RMXSlider.m in Sources */,
				5D39B49E1D79D8F9008F0158 /* RMXSwitch.m in Sources */,
				5D39B4A51D79D8F9008F0158 /* RMXCellButton.m in Sources */,
				5D39B4931D79D8F9008F0158 /* RMXButton.m in Sources */,
				5D39B4A31D79D8F9008F0158 /* RMXCell.m in Sources */,
				5D39B4B71D79D8F9008F0158 /* RMXOverlayResources.m in Sources */,
				5D39B4B51D79D8F9008F0158 /* RMXOverlayNavigationBar.m in Sources */,
				5D39B4C01D79D8F9008F0158 /* RMXFirebaseHost.m in Sources */,
				5D39B4A71D79D8F9008F0158 /* RMXCellColorPicker.m in Sources */,
				5D39B4981D79D8F9008F0158 /* RMXSegmented.m in Sources */,
				5D39B4AB1D79D8F9008F0158 /* RMXCellSlider.m in Sources */,
				5D39B4951D79D8F9008F0158 /* RMXColorPicker.m in Sources */,
				5D39B4AD1D79D8F9008F0158 /* RMXCellStepper.m in Sources */,
				5D39B4BB1D79D8F9008F0158 /* RMXApp.m in Sources */,
				5D39B4B11D79D8F9008F0158 /* RMXCellTextPicker.m in Sources */,
				5D39B4A01D79D8F9008F0158 /* RMXTextPicker.m in Sources */,
				5D39B49C1D79D8F9008F0158 /* RMXStepper.m in Sources */,
				5D39B4BD1D79D8F9008F0158 /* RMXRemix.m in Sources */,
				5D39B4B31D79D8F9008F0158 /* RMXOverlayController.m in Sources */,
				5D39B4AF1D79D8F9008F0158 /* RMXCellSwitch.m in Sources */,
			);
			runOnlyForDeploymentPostprocessing = 0;
		};
		5DD5B2A91CF36C2C003F6543 /* Sources */ = {
			isa = PBXSourcesBuildPhase;
			buildActionMask = 2147483647;
			files = (
				5D39B45B1D79D682008F0158 /* RemixerTests.m in Sources */,
			);
			runOnlyForDeploymentPostprocessing = 0;
		};
/* End PBXSourcesBuildPhase section */

/* Begin PBXTargetDependency section */
		5DD5B2B01CF36C2C003F6543 /* PBXTargetDependency */ = {
			isa = PBXTargetDependency;
			target = 5DD5B2A21CF36C2C003F6543 /* Remixer */;
			targetProxy = 5DD5B2AF1CF36C2C003F6543 /* PBXContainerItemProxy */;
		};
/* End PBXTargetDependency section */

/* Begin XCBuildConfiguration section */
		5DD5B2B51CF36C2C003F6543 /* Debug */ = {
			isa = XCBuildConfiguration;
			buildSettings = {
				ALWAYS_SEARCH_USER_PATHS = NO;
				CLANG_ANALYZER_NONNULL = YES;
				CLANG_CXX_LANGUAGE_STANDARD = "gnu++0x";
				CLANG_CXX_LIBRARY = "libc++";
				CLANG_ENABLE_MODULES = YES;
				CLANG_ENABLE_OBJC_ARC = YES;
				CLANG_WARN_BOOL_CONVERSION = YES;
				CLANG_WARN_CONSTANT_CONVERSION = YES;
				CLANG_WARN_DIRECT_OBJC_ISA_USAGE = YES_ERROR;
				CLANG_WARN_EMPTY_BODY = YES;
				CLANG_WARN_ENUM_CONVERSION = YES;
				CLANG_WARN_INT_CONVERSION = YES;
				CLANG_WARN_OBJC_ROOT_CLASS = YES_ERROR;
				CLANG_WARN_UNREACHABLE_CODE = YES;
				CLANG_WARN__DUPLICATE_METHOD_MATCH = YES;
				"CODE_SIGN_IDENTITY[sdk=iphoneos*]" = "iPhone Developer";
				COPY_PHASE_STRIP = NO;
				CURRENT_PROJECT_VERSION = 1;
				DEBUG_INFORMATION_FORMAT = dwarf;
				ENABLE_STRICT_OBJC_MSGSEND = YES;
				ENABLE_TESTABILITY = YES;
				GCC_C_LANGUAGE_STANDARD = gnu99;
				GCC_DYNAMIC_NO_PIC = NO;
				GCC_NO_COMMON_BLOCKS = YES;
				GCC_OPTIMIZATION_LEVEL = 0;
				GCC_PREPROCESSOR_DEFINITIONS = (
					"DEBUG=1",
					"$(inherited)",
				);
				GCC_WARN_64_TO_32_BIT_CONVERSION = YES;
				GCC_WARN_ABOUT_RETURN_TYPE = YES_ERROR;
				GCC_WARN_UNDECLARED_SELECTOR = YES;
				GCC_WARN_UNINITIALIZED_AUTOS = YES_AGGRESSIVE;
				GCC_WARN_UNUSED_FUNCTION = YES;
				GCC_WARN_UNUSED_VARIABLE = YES;
				IPHONEOS_DEPLOYMENT_TARGET = 8.0;
				MTL_ENABLE_DEBUG_INFO = YES;
				ONLY_ACTIVE_ARCH = YES;
				SDKROOT = iphoneos;
				TARGETED_DEVICE_FAMILY = "1,2";
				VERSIONING_SYSTEM = "apple-generic";
				VERSION_INFO_PREFIX = "";
			};
			name = Debug;
		};
		5DD5B2B61CF36C2C003F6543 /* Release */ = {
			isa = XCBuildConfiguration;
			buildSettings = {
				ALWAYS_SEARCH_USER_PATHS = NO;
				CLANG_ANALYZER_NONNULL = YES;
				CLANG_CXX_LANGUAGE_STANDARD = "gnu++0x";
				CLANG_CXX_LIBRARY = "libc++";
				CLANG_ENABLE_MODULES = YES;
				CLANG_ENABLE_OBJC_ARC = YES;
				CLANG_WARN_BOOL_CONVERSION = YES;
				CLANG_WARN_CONSTANT_CONVERSION = YES;
				CLANG_WARN_DIRECT_OBJC_ISA_USAGE = YES_ERROR;
				CLANG_WARN_EMPTY_BODY = YES;
				CLANG_WARN_ENUM_CONVERSION = YES;
				CLANG_WARN_INT_CONVERSION = YES;
				CLANG_WARN_OBJC_ROOT_CLASS = YES_ERROR;
				CLANG_WARN_UNREACHABLE_CODE = YES;
				CLANG_WARN__DUPLICATE_METHOD_MATCH = YES;
				"CODE_SIGN_IDENTITY[sdk=iphoneos*]" = "iPhone Developer";
				COPY_PHASE_STRIP = NO;
				CURRENT_PROJECT_VERSION = 1;
				DEBUG_INFORMATION_FORMAT = "dwarf-with-dsym";
				ENABLE_NS_ASSERTIONS = NO;
				ENABLE_STRICT_OBJC_MSGSEND = YES;
				GCC_C_LANGUAGE_STANDARD = gnu99;
				GCC_NO_COMMON_BLOCKS = YES;
				GCC_WARN_64_TO_32_BIT_CONVERSION = YES;
				GCC_WARN_ABOUT_RETURN_TYPE = YES_ERROR;
				GCC_WARN_UNDECLARED_SELECTOR = YES;
				GCC_WARN_UNINITIALIZED_AUTOS = YES_AGGRESSIVE;
				GCC_WARN_UNUSED_FUNCTION = YES;
				GCC_WARN_UNUSED_VARIABLE = YES;
				IPHONEOS_DEPLOYMENT_TARGET = 8.0;
				MTL_ENABLE_DEBUG_INFO = NO;
				SDKROOT = iphoneos;
				TARGETED_DEVICE_FAMILY = "1,2";
				VALIDATE_PRODUCT = YES;
				VERSIONING_SYSTEM = "apple-generic";
				VERSION_INFO_PREFIX = "";
			};
			name = Release;
		};
		5DD5B2B81CF36C2C003F6543 /* Debug */ = {
			isa = XCBuildConfiguration;
			baseConfigurationReference = 0366905CBBF920978449EAB4 /* Pods-Remixer.debug.xcconfig */;
			buildSettings = {
				DEFINES_MODULE = YES;
				DYLIB_COMPATIBILITY_VERSION = 1;
				DYLIB_CURRENT_VERSION = 1;
				DYLIB_INSTALL_NAME_BASE = "@rpath";
				INFOPLIST_FILE = src/core/Info.plist;
				INSTALL_PATH = "$(LOCAL_LIBRARY_DIR)/Frameworks";
				LD_RUNPATH_SEARCH_PATHS = "$(inherited) @executable_path/Frameworks @loader_path/Frameworks";
				PRODUCT_BUNDLE_IDENTIFIER = com.google.ios.Remixer;
				PRODUCT_NAME = Remixer;
				SKIP_INSTALL = YES;
			};
			name = Debug;
		};
		5DD5B2B91CF36C2C003F6543 /* Release */ = {
			isa = XCBuildConfiguration;
			baseConfigurationReference = 3B0A2FC430845A04D794A86B /* Pods-Remixer.release.xcconfig */;
			buildSettings = {
				DEFINES_MODULE = YES;
				DYLIB_COMPATIBILITY_VERSION = 1;
				DYLIB_CURRENT_VERSION = 1;
				DYLIB_INSTALL_NAME_BASE = "@rpath";
				INFOPLIST_FILE = src/core/Info.plist;
				INSTALL_PATH = "$(LOCAL_LIBRARY_DIR)/Frameworks";
				LD_RUNPATH_SEARCH_PATHS = "$(inherited) @executable_path/Frameworks @loader_path/Frameworks";
				PRODUCT_BUNDLE_IDENTIFIER = com.google.ios.Remixer;
				PRODUCT_NAME = Remixer;
				SKIP_INSTALL = YES;
			};
			name = Release;
		};
		5DD5B2BB1CF36C2C003F6543 /* Debug */ = {
			isa = XCBuildConfiguration;
			buildSettings = {
				INFOPLIST_FILE = tests/Info.plist;
				LD_RUNPATH_SEARCH_PATHS = "$(inherited) @executable_path/Frameworks @loader_path/Frameworks";
				PRODUCT_BUNDLE_IDENTIFIER = com.google.ios.RemixerTests;
				PRODUCT_NAME = Remixer;
			};
			name = Debug;
		};
		5DD5B2BC1CF36C2C003F6543 /* Release */ = {
			isa = XCBuildConfiguration;
			buildSettings = {
				INFOPLIST_FILE = tests/Info.plist;
				LD_RUNPATH_SEARCH_PATHS = "$(inherited) @executable_path/Frameworks @loader_path/Frameworks";
				PRODUCT_BUNDLE_IDENTIFIER = com.google.ios.RemixerTests;
				PRODUCT_NAME = Remixer;
			};
			name = Release;
		};
/* End XCBuildConfiguration section */

/* Begin XCConfigurationList section */
		5DD5B29D1CF36C2C003F6543 /* Build configuration list for PBXProject "Remixer" */ = {
			isa = XCConfigurationList;
			buildConfigurations = (
				5DD5B2B51CF36C2C003F6543 /* Debug */,
				5DD5B2B61CF36C2C003F6543 /* Release */,
			);
			defaultConfigurationIsVisible = 0;
			defaultConfigurationName = Release;
		};
		5DD5B2B71CF36C2C003F6543 /* Build configuration list for PBXNativeTarget "Remixer" */ = {
			isa = XCConfigurationList;
			buildConfigurations = (
				5DD5B2B81CF36C2C003F6543 /* Debug */,
				5DD5B2B91CF36C2C003F6543 /* Release */,
			);
			defaultConfigurationIsVisible = 0;
			defaultConfigurationName = Release;
		};
		5DD5B2BA1CF36C2C003F6543 /* Build configuration list for PBXNativeTarget "RemixerTests" */ = {
			isa = XCConfigurationList;
			buildConfigurations = (
				5DD5B2BB1CF36C2C003F6543 /* Debug */,
				5DD5B2BC1CF36C2C003F6543 /* Release */,
			);
			defaultConfigurationIsVisible = 0;
			defaultConfigurationName = Release;
		};
/* End XCConfigurationList section */
	};
	rootObject = 5DD5B29A1CF36C2C003F6543 /* Project object */;
}
